
Microsoft Visual Studio Solution File, Format Version 12.00
# Visual Studio 2013
VisualStudioVersion = 12.0.31101.0
MinimumVisualStudioVersion = 10.0.40219.1
Project("{FAE04EC0-301F-11D3-BF4B-00C04F79EFBC}") = "SportsStore.Domain", "SportsStore.Domain\SportsStore.Domain.csproj", "{08791DB7-ED62-4547-81D3-A2D731FBC73E}"
EndProject
Project("{FAE04EC0-301F-11D3-BF4B-00C04F79EFBC}") = "SportsStore.WebUI", "SportsStore.WebUI\SportsStore.WebUI.csproj", "{AE689A88-7899-4FAB-B110-BEF664868B17}"
EndProject
Project("{FAE04EC0-301F-11D3-BF4B-00C04F79EFBC}") = "SportsStore.WebUI.Tests", "SportsStore.WebUI.Tests\SportsStore.WebUI.Tests.csproj", "{A7AD3DC4-95CB-4C48-B7B2-2EFEA08EBC1B}"
EndProject
Global
	GlobalSection(SolutionConfigurationPlatforms) = preSolution
		Debug|Any CPU = Debug|Any CPU
		Release|Any CPU = Release|Any CPU
	EndGlobalSection
	GlobalSection(ProjectConfigurationPlatforms) = postSolution
		{08791DB7-ED62-4547-81D3-A2D731FBC73E}.Debug|Any CPU.ActiveCfg = Debug|Any CPU
		{08791DB7-ED62-4547-81D3-A2D731FBC73E}.Debug|Any CPU.Build.0 = Debug|Any CPU
		{08791DB7-ED62-4547-81D3-A2D731FBC73E}.Release|Any CPU.ActiveCfg = Release|Any CPU
		{08791DB7-ED62-4547-81D3-A2D731FBC73E}.Release|Any CPU.Build.0 = Release|Any CPU
		{AE689A88-7899-4FAB-B110-BEF664868B17}.Debug|Any CPU.ActiveCfg = Debug|Any CPU
		{AE689A88-7899-4FAB-B110-BEF664868B17}.Debug|Any CPU.Build.0 = Debug|Any CPU
		{AE689A88-7899-4FAB-B110-BEF664868B17}.Release|Any CPU.ActiveCfg = Release|Any CPU
		{AE689A88-7899-4FAB-B110-BEF664868B17}.Release|Any CPU.Build.0 = Release|Any CPU
		{A7AD3DC4-95CB-4C48-B7B2-2EFEA08EBC1B}.Debug|Any CPU.ActiveCfg = Debug|Any CPU
		{A7AD3DC4-95CB-4C48-B7B2-2EFEA08EBC1B}.Debug|Any CPU.Build.0 = Debug|Any CPU
		{A7AD3DC4-95CB-4C48-B7B2-2EFEA08EBC1B}.Release|Any CPU.ActiveCfg = Release|Any CPU
		{A7AD3DC4-95CB-4C48-B7B2-2EFEA08EBC1B}.Release|Any CPU.Build.0 = Release|Any CPU
	EndGlobalSection
	GlobalSection(SolutionProperties) = preSolution
		HideSolutionNode = FALSE
	EndGlobalSection
EndGlobal
