
Microsoft Visual Studio Solution File, Format Version 12.00
# Visual Studio 2013
VisualStudioVersion = 12.0.31101.0
MinimumVisualStudioVersion = 10.0.40219.1
Project("{2150E333-8FDC-42A3-9474-1A3956D46DE8}") = "Solution Items", "Solution Items", "{5C48DF48-A49B-4B99-B5F4-04133A80013A}"
	ProjectSection(SolutionItems) = preProject
		Notes.txt = Notes.txt
	EndProjectSection
EndProject
<<<<<<< HEAD
Project("{2150E333-8FDC-42A3-9474-1A3956D46DE8}") = ".nuget", ".nuget", "{B6466B77-D39D-48BA-978E-CF2D8CB7BF6D}"
	ProjectSection(SolutionItems) = preProject
		.nuget\NuGet.Config = .nuget\NuGet.Config
		.nuget\NuGet.exe = .nuget\NuGet.exe
		.nuget\NuGet.targets = .nuget\NuGet.targets
	EndProjectSection
EndProject
Project("{FAE04EC0-301F-11D3-BF4B-00C04F79EFBC}") = "MovieStreaming.Console", "MovingStreaming.Console\MovieStreaming.Console.csproj", "{8A3FAAB0-5ACA-4142-926C-D4F66C4A0170}"
EndProject
Project("{FAE04EC0-301F-11D3-BF4B-00C04F79EFBC}") = "Yeah.Console", "Yeah.Console\Yeah.Console.csproj", "{658F5D4F-A1E9-43A0-8166-05AA388B6E2E}"
=======
Project("{FAE04EC0-301F-11D3-BF4B-00C04F79EFBC}") = "MovieStreaming", "MovieStreaming\MovieStreaming.csproj", "{F831F83F-5EBD-4FF9-838E-67710058F251}"
>>>>>>> 9a21509a9b599d85aa1519747844255c85e4e539
EndProject
Global
	GlobalSection(SolutionConfigurationPlatforms) = preSolution
		Debug|Any CPU = Debug|Any CPU
		Release|Any CPU = Release|Any CPU
	EndGlobalSection
	GlobalSection(ProjectConfigurationPlatforms) = postSolution
<<<<<<< HEAD
		{8A3FAAB0-5ACA-4142-926C-D4F66C4A0170}.Debug|Any CPU.ActiveCfg = Debug|Any CPU
		{8A3FAAB0-5ACA-4142-926C-D4F66C4A0170}.Debug|Any CPU.Build.0 = Debug|Any CPU
		{8A3FAAB0-5ACA-4142-926C-D4F66C4A0170}.Release|Any CPU.ActiveCfg = Release|Any CPU
		{8A3FAAB0-5ACA-4142-926C-D4F66C4A0170}.Release|Any CPU.Build.0 = Release|Any CPU
		{658F5D4F-A1E9-43A0-8166-05AA388B6E2E}.Debug|Any CPU.ActiveCfg = Debug|Any CPU
		{658F5D4F-A1E9-43A0-8166-05AA388B6E2E}.Debug|Any CPU.Build.0 = Debug|Any CPU
		{658F5D4F-A1E9-43A0-8166-05AA388B6E2E}.Release|Any CPU.ActiveCfg = Release|Any CPU
		{658F5D4F-A1E9-43A0-8166-05AA388B6E2E}.Release|Any CPU.Build.0 = Release|Any CPU
=======
		{F831F83F-5EBD-4FF9-838E-67710058F251}.Debug|Any CPU.ActiveCfg = Debug|Any CPU
		{F831F83F-5EBD-4FF9-838E-67710058F251}.Debug|Any CPU.Build.0 = Debug|Any CPU
		{F831F83F-5EBD-4FF9-838E-67710058F251}.Release|Any CPU.ActiveCfg = Release|Any CPU
		{F831F83F-5EBD-4FF9-838E-67710058F251}.Release|Any CPU.Build.0 = Release|Any CPU
>>>>>>> 9a21509a9b599d85aa1519747844255c85e4e539
	EndGlobalSection
	GlobalSection(SolutionProperties) = preSolution
		HideSolutionNode = FALSE
	EndGlobalSection
EndGlobal
