
Microsoft Visual Studio Solution File, Format Version 12.00
# Visual Studio 2013
VisualStudioVersion = 12.0.31101.0
MinimumVisualStudioVersion = 10.0.40219.1
Project("{2150E333-8FDC-42A3-9474-1A3956D46DE8}") = "Basics", "Basics", "{75DD0DB5-33CD-489B-9EE4-2D4A6A6D74D7}"
EndProject
Project("{2150E333-8FDC-42A3-9474-1A3956D46DE8}") = "Best Practices", "Best Practices", "{A9790F0C-C2C1-489C-AFD1-C40DAB61EAA7}"
EndProject
Project("{2150E333-8FDC-42A3-9474-1A3956D46DE8}") = "Intermediate", "Intermediate", "{6C0DA5F4-1214-47B5-BC0D-09734D78EBA6}"
EndProject
Project("{2150E333-8FDC-42A3-9474-1A3956D46DE8}") = "LinqToObjects", "LinqToObjects", "{D504C2E4-2341-448A-BA81-456EBE346778}"
EndProject
Global
	GlobalSection(SolutionProperties) = preSolution
		HideSolutionNode = FALSE
	EndGlobalSection
EndGlobal
