
Microsoft Visual Studio Solution File, Format Version 12.00
# Visual Studio 2013
VisualStudioVersion = 12.0.31101.0
MinimumVisualStudioVersion = 10.0.40219.1
Project("{FAE04EC0-301F-11D3-BF4B-00C04F79EFBC}") = "AngularForms", "AngularForms\AngularForms.csproj", "{756D3FD1-2142-4152-9CB1-45CFE189DC06}"
EndProject
Project("{2150E333-8FDC-42A3-9474-1A3956D46DE8}") = "Solution Items", "Solution Items", "{21E48DB8-D92A-4353-9EDB-F15193A55E96}"
	ProjectSection(SolutionItems) = preProject
		Notes.txt = Notes.txt
	EndProjectSection
EndProject
Project("{FAE04EC0-301F-11D3-BF4B-00C04F79EFBC}") = "AFormsMVC", "AFormsMVC\AFormsMVC.csproj", "{20594E37-A609-4683-9A15-3ACAADACA0CC}"
EndProject
Global
	GlobalSection(SolutionConfigurationPlatforms) = preSolution
		Debug|Any CPU = Debug|Any CPU
		Release|Any CPU = Release|Any CPU
	EndGlobalSection
	GlobalSection(ProjectConfigurationPlatforms) = postSolution
		{756D3FD1-2142-4152-9CB1-45CFE189DC06}.Debug|Any CPU.ActiveCfg = Debug|Any CPU
		{756D3FD1-2142-4152-9CB1-45CFE189DC06}.Debug|Any CPU.Build.0 = Debug|Any CPU
		{756D3FD1-2142-4152-9CB1-45CFE189DC06}.Release|Any CPU.ActiveCfg = Release|Any CPU
		{756D3FD1-2142-4152-9CB1-45CFE189DC06}.Release|Any CPU.Build.0 = Release|Any CPU
		{20594E37-A609-4683-9A15-3ACAADACA0CC}.Debug|Any CPU.ActiveCfg = Debug|Any CPU
		{20594E37-A609-4683-9A15-3ACAADACA0CC}.Debug|Any CPU.Build.0 = Debug|Any CPU
		{20594E37-A609-4683-9A15-3ACAADACA0CC}.Release|Any CPU.ActiveCfg = Release|Any CPU
		{20594E37-A609-4683-9A15-3ACAADACA0CC}.Release|Any CPU.Build.0 = Release|Any CPU
	EndGlobalSection
	GlobalSection(SolutionProperties) = preSolution
		HideSolutionNode = FALSE
	EndGlobalSection
EndGlobal
