
Microsoft Visual Studio Solution File, Format Version 12.00
# Visual Studio 2013
VisualStudioVersion = 12.0.31101.0
MinimumVisualStudioVersion = 10.0.40219.1
Project("{FAE04EC0-301F-11D3-BF4B-00C04F79EFBC}") = "JQBF.Web", "JQBF.Web\JQBF.Web.csproj", "{B0F8EC55-08C3-4C8B-A565-2DF01D50BCD0}"
EndProject
Project("{FAE04EC0-301F-11D3-BF4B-00C04F79EFBC}") = "JQBF.MVC", "JQBF.MVC\JQBF.MVC.csproj", "{204D3502-0D6E-406F-ADEA-40EB42307DD4}"
EndProject
Global
	GlobalSection(SolutionConfigurationPlatforms) = preSolution
		Debug|Any CPU = Debug|Any CPU
		Release|Any CPU = Release|Any CPU
	EndGlobalSection
	GlobalSection(ProjectConfigurationPlatforms) = postSolution
		{B0F8EC55-08C3-4C8B-A565-2DF01D50BCD0}.Debug|Any CPU.ActiveCfg = Debug|Any CPU
		{B0F8EC55-08C3-4C8B-A565-2DF01D50BCD0}.Debug|Any CPU.Build.0 = Debug|Any CPU
		{B0F8EC55-08C3-4C8B-A565-2DF01D50BCD0}.Release|Any CPU.ActiveCfg = Release|Any CPU
		{B0F8EC55-08C3-4C8B-A565-2DF01D50BCD0}.Release|Any CPU.Build.0 = Release|Any CPU
		{204D3502-0D6E-406F-ADEA-40EB42307DD4}.Debug|Any CPU.ActiveCfg = Debug|Any CPU
		{204D3502-0D6E-406F-ADEA-40EB42307DD4}.Debug|Any CPU.Build.0 = Debug|Any CPU
		{204D3502-0D6E-406F-ADEA-40EB42307DD4}.Release|Any CPU.ActiveCfg = Release|Any CPU
		{204D3502-0D6E-406F-ADEA-40EB42307DD4}.Release|Any CPU.Build.0 = Release|Any CPU
	EndGlobalSection
	GlobalSection(SolutionProperties) = preSolution
		HideSolutionNode = FALSE
	EndGlobalSection
EndGlobal
