
Microsoft Visual Studio Solution File, Format Version 12.00
# Visual Studio 14
VisualStudioVersion = 14.0.23107.0
MinimumVisualStudioVersion = 10.0.40219.1
Project("{2150E333-8FDC-42A3-9474-1A3956D46DE8}") = "src", "src", "{FCA4D4EF-CE7B-4FD3-B793-BC36E0509B63}"
EndProject
Project("{2150E333-8FDC-42A3-9474-1A3956D46DE8}") = "Solution Items", "Solution Items", "{872DABA5-AC05-44CF-80CB-CA9BD6AE2569}"
	ProjectSection(SolutionItems) = preProject
		global.json = global.json
	EndProjectSection
EndProject
Project("{8BB2217D-0F2D-49D1-97BC-3654ED321F3B}") = "TheWorld", "src\TheWorld\TheWorld.xproj", "{9552EA65-9226-4D0D-941E-CDD9148D105E}"
EndProject
Global
	GlobalSection(SolutionConfigurationPlatforms) = preSolution
		Debug|Any CPU = Debug|Any CPU
		Release|Any CPU = Release|Any CPU
	EndGlobalSection
	GlobalSection(ProjectConfigurationPlatforms) = postSolution
		{9552EA65-9226-4D0D-941E-CDD9148D105E}.Debug|Any CPU.ActiveCfg = Debug|Any CPU
		{9552EA65-9226-4D0D-941E-CDD9148D105E}.Debug|Any CPU.Build.0 = Debug|Any CPU
		{9552EA65-9226-4D0D-941E-CDD9148D105E}.Release|Any CPU.ActiveCfg = Release|Any CPU
		{9552EA65-9226-4D0D-941E-CDD9148D105E}.Release|Any CPU.Build.0 = Release|Any CPU
	EndGlobalSection
	GlobalSection(SolutionProperties) = preSolution
		HideSolutionNode = FALSE
	EndGlobalSection
	GlobalSection(NestedProjects) = preSolution
		{9552EA65-9226-4D0D-941E-CDD9148D105E} = {FCA4D4EF-CE7B-4FD3-B793-BC36E0509B63}
	EndGlobalSection
EndGlobal
