
Microsoft Visual Studio Solution File, Format Version 12.00
# Visual Studio 2013
VisualStudioVersion = 12.0.31101.0
MinimumVisualStudioVersion = 10.0.40219.1
Project("{2150E333-8FDC-42A3-9474-1A3956D46DE8}") = ".nuget", ".nuget", "{72557D8A-0111-4D09-80C7-C177C483BAA1}"
	ProjectSection(SolutionItems) = preProject
		.nuget\NuGet.Config = .nuget\NuGet.Config
		.nuget\NuGet.exe = .nuget\NuGet.exe
		.nuget\NuGet.targets = .nuget\NuGet.targets
	EndProjectSection
EndProject
Project("{2150E333-8FDC-42A3-9474-1A3956D46DE8}") = "doc", "doc", "{EC92908E-546E-4308-9500-2E2B22E808ED}"
EndProject
Project("{2150E333-8FDC-42A3-9474-1A3956D46DE8}") = "lib", "lib", "{FF865DCD-950F-4E99-889C-812C6888228C}"
EndProject
Project("{2150E333-8FDC-42A3-9474-1A3956D46DE8}") = "src", "src", "{9707C639-AABA-4D48-8777-4CCA1F4B298F}"
EndProject
Project("{FAE04EC0-301F-11D3-BF4B-00C04F79EFBC}") = "WAPISF.Common", "WAPISF.Common\WAPISF.Common.csproj", "{F93C3492-F757-433A-B0D1-8AB724B33A69}"
EndProject
Project("{FAE04EC0-301F-11D3-BF4B-00C04F79EFBC}") = "WAPISF.Data", "WAPISF.Data\WAPISF.Data.csproj", "{81C1C595-CA89-4620-85C1-820BB2D8B219}"
EndProject
Project("{FAE04EC0-301F-11D3-BF4B-00C04F79EFBC}") = "WAPISF.Data.SqlServer", "WebApi2Book.Data.SqlServer\WAPISF.Data.SqlServer.csproj", "{31ABE97F-1ECD-43C1-9154-C35565370A69}"
EndProject
Project("{FAE04EC0-301F-11D3-BF4B-00C04F79EFBC}") = "WAPISF.Web.Api.Models", "WAPISF.Web.Api.Models\WAPISF.Web.Api.Models.csproj", "{6B6E07DC-9951-4A8C-81A8-0A6034285F00}"
EndProject
Project("{FAE04EC0-301F-11D3-BF4B-00C04F79EFBC}") = "WAPISF.Web.Common", "WebApi2Book.Web.Common\WAPISF.Web.Common.csproj", "{FD3753DF-5F6B-4C1D-B694-31D9971FCA99}"
EndProject
Project("{FAE04EC0-301F-11D3-BF4B-00C04F79EFBC}") = "WAPISF.Web.Api", "WAPISF.Web.Api\WAPISF.Web.Api.csproj", "{B97D29EB-4FB4-4395-B662-DEB12286CCD7}"
EndProject
Project("{00D1A9C2-B5F0-4AF3-8072-F6C62B433612}") = "WAPISFDB", "WAPISFDB\WAPISFDB.sqlproj", "{78ADDD1E-F768-4346-8EC0-3725C0751611}"
EndProject
Project("{2150E333-8FDC-42A3-9474-1A3956D46DE8}") = "Tests", "Tests", "{8C2CF300-D90D-43B1-BFE7-2C48C9785A03}"
EndProject
Project("{FAE04EC0-301F-11D3-BF4B-00C04F79EFBC}") = "WAPISF.Common.Tests", "WAPISF.Common.Tests\WAPISF.Common.Tests.csproj", "{7EAEFF5F-E576-4F46-82D9-390D1967C400}"
EndProject
Project("{FAE04EC0-301F-11D3-BF4B-00C04F79EFBC}") = "WAPISF.Data.SqlServer.IntegrationTests", "WAPISF.Data.SqlServer.IntegrationTests\WAPISF.Data.SqlServer.IntegrationTests.csproj", "{4E72216D-8A75-41BE-A406-A2C6C3758A65}"
EndProject
Project("{FAE04EC0-301F-11D3-BF4B-00C04F79EFBC}") = "WAPISF.Data.Tests", "WAPISF.Data.Tests\WAPISF.Data.Tests.csproj", "{B065DA83-4B21-40C3-AD4A-33D80ABE7527}"
EndProject
Project("{FAE04EC0-301F-11D3-BF4B-00C04F79EFBC}") = "WAPISF.Web.Api.IntegrationTests", "WAPISF.Web.Api.IntegrationTests\WAPISF.Web.Api.IntegrationTests.csproj", "{8C9C0CDE-3E5C-4FAA-9130-557E62CB46CF}"
EndProject
Project("{FAE04EC0-301F-11D3-BF4B-00C04F79EFBC}") = "WAPISF.Web.Api.Tests", "WAPISF.Web.Api.Tests\WAPISF.Web.Api.Tests.csproj", "{D7F1E640-BDC4-4992-9B21-7D2A2490E972}"
EndProject
Project("{FAE04EC0-301F-11D3-BF4B-00C04F79EFBC}") = "WAPISF.Web.Common.Tests", "WAPISF.Web.Common.Tests\WAPISF.Web.Common.Tests.csproj", "{5E472E1C-D10C-40F8-B4D5-C73230F5086B}"
EndProject
Global
	GlobalSection(SolutionConfigurationPlatforms) = preSolution
		Debug|Any CPU = Debug|Any CPU
		Release|Any CPU = Release|Any CPU
	EndGlobalSection
	GlobalSection(ProjectConfigurationPlatforms) = postSolution
		{F93C3492-F757-433A-B0D1-8AB724B33A69}.Debug|Any CPU.ActiveCfg = Debug|Any CPU
		{F93C3492-F757-433A-B0D1-8AB724B33A69}.Debug|Any CPU.Build.0 = Debug|Any CPU
		{F93C3492-F757-433A-B0D1-8AB724B33A69}.Release|Any CPU.ActiveCfg = Release|Any CPU
		{F93C3492-F757-433A-B0D1-8AB724B33A69}.Release|Any CPU.Build.0 = Release|Any CPU
		{81C1C595-CA89-4620-85C1-820BB2D8B219}.Debug|Any CPU.ActiveCfg = Debug|Any CPU
		{81C1C595-CA89-4620-85C1-820BB2D8B219}.Debug|Any CPU.Build.0 = Debug|Any CPU
		{81C1C595-CA89-4620-85C1-820BB2D8B219}.Release|Any CPU.ActiveCfg = Release|Any CPU
		{81C1C595-CA89-4620-85C1-820BB2D8B219}.Release|Any CPU.Build.0 = Release|Any CPU
		{31ABE97F-1ECD-43C1-9154-C35565370A69}.Debug|Any CPU.ActiveCfg = Debug|Any CPU
		{31ABE97F-1ECD-43C1-9154-C35565370A69}.Debug|Any CPU.Build.0 = Debug|Any CPU
		{31ABE97F-1ECD-43C1-9154-C35565370A69}.Release|Any CPU.ActiveCfg = Release|Any CPU
		{31ABE97F-1ECD-43C1-9154-C35565370A69}.Release|Any CPU.Build.0 = Release|Any CPU
		{6B6E07DC-9951-4A8C-81A8-0A6034285F00}.Debug|Any CPU.ActiveCfg = Debug|Any CPU
		{6B6E07DC-9951-4A8C-81A8-0A6034285F00}.Debug|Any CPU.Build.0 = Debug|Any CPU
		{6B6E07DC-9951-4A8C-81A8-0A6034285F00}.Release|Any CPU.ActiveCfg = Release|Any CPU
		{6B6E07DC-9951-4A8C-81A8-0A6034285F00}.Release|Any CPU.Build.0 = Release|Any CPU
		{FD3753DF-5F6B-4C1D-B694-31D9971FCA99}.Debug|Any CPU.ActiveCfg = Debug|Any CPU
		{FD3753DF-5F6B-4C1D-B694-31D9971FCA99}.Debug|Any CPU.Build.0 = Debug|Any CPU
		{FD3753DF-5F6B-4C1D-B694-31D9971FCA99}.Release|Any CPU.ActiveCfg = Release|Any CPU
		{FD3753DF-5F6B-4C1D-B694-31D9971FCA99}.Release|Any CPU.Build.0 = Release|Any CPU
		{B97D29EB-4FB4-4395-B662-DEB12286CCD7}.Debug|Any CPU.ActiveCfg = Debug|Any CPU
		{B97D29EB-4FB4-4395-B662-DEB12286CCD7}.Debug|Any CPU.Build.0 = Debug|Any CPU
		{B97D29EB-4FB4-4395-B662-DEB12286CCD7}.Release|Any CPU.ActiveCfg = Release|Any CPU
		{B97D29EB-4FB4-4395-B662-DEB12286CCD7}.Release|Any CPU.Build.0 = Release|Any CPU
		{78ADDD1E-F768-4346-8EC0-3725C0751611}.Debug|Any CPU.ActiveCfg = Debug|Any CPU
		{78ADDD1E-F768-4346-8EC0-3725C0751611}.Debug|Any CPU.Build.0 = Debug|Any CPU
		{78ADDD1E-F768-4346-8EC0-3725C0751611}.Debug|Any CPU.Deploy.0 = Debug|Any CPU
		{78ADDD1E-F768-4346-8EC0-3725C0751611}.Release|Any CPU.ActiveCfg = Release|Any CPU
		{78ADDD1E-F768-4346-8EC0-3725C0751611}.Release|Any CPU.Build.0 = Release|Any CPU
		{78ADDD1E-F768-4346-8EC0-3725C0751611}.Release|Any CPU.Deploy.0 = Release|Any CPU
		{7EAEFF5F-E576-4F46-82D9-390D1967C400}.Debug|Any CPU.ActiveCfg = Debug|Any CPU
		{7EAEFF5F-E576-4F46-82D9-390D1967C400}.Debug|Any CPU.Build.0 = Debug|Any CPU
		{7EAEFF5F-E576-4F46-82D9-390D1967C400}.Release|Any CPU.ActiveCfg = Release|Any CPU
		{7EAEFF5F-E576-4F46-82D9-390D1967C400}.Release|Any CPU.Build.0 = Release|Any CPU
		{4E72216D-8A75-41BE-A406-A2C6C3758A65}.Debug|Any CPU.ActiveCfg = Debug|Any CPU
		{4E72216D-8A75-41BE-A406-A2C6C3758A65}.Debug|Any CPU.Build.0 = Debug|Any CPU
		{4E72216D-8A75-41BE-A406-A2C6C3758A65}.Release|Any CPU.ActiveCfg = Release|Any CPU
		{4E72216D-8A75-41BE-A406-A2C6C3758A65}.Release|Any CPU.Build.0 = Release|Any CPU
		{B065DA83-4B21-40C3-AD4A-33D80ABE7527}.Debug|Any CPU.ActiveCfg = Debug|Any CPU
		{B065DA83-4B21-40C3-AD4A-33D80ABE7527}.Debug|Any CPU.Build.0 = Debug|Any CPU
		{B065DA83-4B21-40C3-AD4A-33D80ABE7527}.Release|Any CPU.ActiveCfg = Release|Any CPU
		{B065DA83-4B21-40C3-AD4A-33D80ABE7527}.Release|Any CPU.Build.0 = Release|Any CPU
		{8C9C0CDE-3E5C-4FAA-9130-557E62CB46CF}.Debug|Any CPU.ActiveCfg = Debug|Any CPU
		{8C9C0CDE-3E5C-4FAA-9130-557E62CB46CF}.Debug|Any CPU.Build.0 = Debug|Any CPU
		{8C9C0CDE-3E5C-4FAA-9130-557E62CB46CF}.Release|Any CPU.ActiveCfg = Release|Any CPU
		{8C9C0CDE-3E5C-4FAA-9130-557E62CB46CF}.Release|Any CPU.Build.0 = Release|Any CPU
		{D7F1E640-BDC4-4992-9B21-7D2A2490E972}.Debug|Any CPU.ActiveCfg = Debug|Any CPU
		{D7F1E640-BDC4-4992-9B21-7D2A2490E972}.Debug|Any CPU.Build.0 = Debug|Any CPU
		{D7F1E640-BDC4-4992-9B21-7D2A2490E972}.Release|Any CPU.ActiveCfg = Release|Any CPU
		{D7F1E640-BDC4-4992-9B21-7D2A2490E972}.Release|Any CPU.Build.0 = Release|Any CPU
		{5E472E1C-D10C-40F8-B4D5-C73230F5086B}.Debug|Any CPU.ActiveCfg = Debug|Any CPU
		{5E472E1C-D10C-40F8-B4D5-C73230F5086B}.Debug|Any CPU.Build.0 = Debug|Any CPU
		{5E472E1C-D10C-40F8-B4D5-C73230F5086B}.Release|Any CPU.ActiveCfg = Release|Any CPU
		{5E472E1C-D10C-40F8-B4D5-C73230F5086B}.Release|Any CPU.Build.0 = Release|Any CPU
	EndGlobalSection
	GlobalSection(SolutionProperties) = preSolution
		HideSolutionNode = FALSE
	EndGlobalSection
	GlobalSection(NestedProjects) = preSolution
		{F93C3492-F757-433A-B0D1-8AB724B33A69} = {9707C639-AABA-4D48-8777-4CCA1F4B298F}
		{81C1C595-CA89-4620-85C1-820BB2D8B219} = {9707C639-AABA-4D48-8777-4CCA1F4B298F}
		{31ABE97F-1ECD-43C1-9154-C35565370A69} = {9707C639-AABA-4D48-8777-4CCA1F4B298F}
		{6B6E07DC-9951-4A8C-81A8-0A6034285F00} = {9707C639-AABA-4D48-8777-4CCA1F4B298F}
		{FD3753DF-5F6B-4C1D-B694-31D9971FCA99} = {9707C639-AABA-4D48-8777-4CCA1F4B298F}
		{B97D29EB-4FB4-4395-B662-DEB12286CCD7} = {9707C639-AABA-4D48-8777-4CCA1F4B298F}
		{78ADDD1E-F768-4346-8EC0-3725C0751611} = {9707C639-AABA-4D48-8777-4CCA1F4B298F}
		{8C2CF300-D90D-43B1-BFE7-2C48C9785A03} = {9707C639-AABA-4D48-8777-4CCA1F4B298F}
		{7EAEFF5F-E576-4F46-82D9-390D1967C400} = {8C2CF300-D90D-43B1-BFE7-2C48C9785A03}
		{4E72216D-8A75-41BE-A406-A2C6C3758A65} = {8C2CF300-D90D-43B1-BFE7-2C48C9785A03}
		{B065DA83-4B21-40C3-AD4A-33D80ABE7527} = {8C2CF300-D90D-43B1-BFE7-2C48C9785A03}
		{8C9C0CDE-3E5C-4FAA-9130-557E62CB46CF} = {8C2CF300-D90D-43B1-BFE7-2C48C9785A03}
		{D7F1E640-BDC4-4992-9B21-7D2A2490E972} = {8C2CF300-D90D-43B1-BFE7-2C48C9785A03}
		{5E472E1C-D10C-40F8-B4D5-C73230F5086B} = {8C2CF300-D90D-43B1-BFE7-2C48C9785A03}
	EndGlobalSection
EndGlobal
