
Microsoft Visual Studio Solution File, Format Version 12.00
# Visual Studio 2013
VisualStudioVersion = 12.0.31101.0
MinimumVisualStudioVersion = 10.0.40219.1
Project("{FAE04EC0-301F-11D3-BF4B-00C04F79EFBC}") = "TPM.WebAPI", "TPM.WebAPI\TPM.WebAPI.csproj", "{31EC308F-9285-4DE3-A643-66CC66459EEE}"
EndProject
Project("{E24C65DC-7377-472B-9ABA-BC803B73C61A}") = "TPM.Client", "http://localhost:51088", "{15EEDC81-574E-4FAF-9D20-87B7BFCC834B}"
	ProjectSection(WebsiteProperties) = preProject
		UseIISExpress = "true"
		TargetFrameworkMoniker = ".NETFramework,Version%3Dv4.5"
		Debug.AspNetCompiler.VirtualPath = "/localhost_51088"
		Debug.AspNetCompiler.PhysicalPath = "TPM.Client\"
		Debug.AspNetCompiler.TargetPath = "PrecompiledWeb\localhost_51088\"
		Debug.AspNetCompiler.Updateable = "true"
		Debug.AspNetCompiler.ForceOverwrite = "true"
		Debug.AspNetCompiler.FixedNames = "false"
		Debug.AspNetCompiler.Debug = "True"
		Release.AspNetCompiler.VirtualPath = "/localhost_51088"
		Release.AspNetCompiler.PhysicalPath = "TPM.Client\"
		Release.AspNetCompiler.TargetPath = "PrecompiledWeb\localhost_51088\"
		Release.AspNetCompiler.Updateable = "true"
		Release.AspNetCompiler.ForceOverwrite = "true"
		Release.AspNetCompiler.FixedNames = "false"
		Release.AspNetCompiler.Debug = "False"
		SlnRelativePath = "TPM.Client\"
		DefaultWebSiteLanguage = "Visual C#"
	EndProjectSection
EndProject
Global
	GlobalSection(SolutionConfigurationPlatforms) = preSolution
		Debug|Any CPU = Debug|Any CPU
		Release|Any CPU = Release|Any CPU
	EndGlobalSection
	GlobalSection(ProjectConfigurationPlatforms) = postSolution
		{31EC308F-9285-4DE3-A643-66CC66459EEE}.Debug|Any CPU.ActiveCfg = Debug|Any CPU
		{31EC308F-9285-4DE3-A643-66CC66459EEE}.Debug|Any CPU.Build.0 = Debug|Any CPU
		{31EC308F-9285-4DE3-A643-66CC66459EEE}.Release|Any CPU.ActiveCfg = Release|Any CPU
		{31EC308F-9285-4DE3-A643-66CC66459EEE}.Release|Any CPU.Build.0 = Release|Any CPU
		{15EEDC81-574E-4FAF-9D20-87B7BFCC834B}.Debug|Any CPU.ActiveCfg = Debug|Any CPU
		{15EEDC81-574E-4FAF-9D20-87B7BFCC834B}.Debug|Any CPU.Build.0 = Debug|Any CPU
		{15EEDC81-574E-4FAF-9D20-87B7BFCC834B}.Release|Any CPU.ActiveCfg = Debug|Any CPU
		{15EEDC81-574E-4FAF-9D20-87B7BFCC834B}.Release|Any CPU.Build.0 = Debug|Any CPU
	EndGlobalSection
	GlobalSection(SolutionProperties) = preSolution
		HideSolutionNode = FALSE
	EndGlobalSection
EndGlobal
