
Microsoft Visual Studio Solution File, Format Version 12.00
# Visual Studio 2013
VisualStudioVersion = 12.0.31101.0
MinimumVisualStudioVersion = 10.0.40219.1
Project("{FAE04EC0-301F-11D3-BF4B-00C04F79EFBC}") = "MVCU", "MVCU\MVCU.csproj", "{85A1494B-D7EF-4587-8C60-94DCA427EE25}"
EndProject
Project("{FAE04EC0-301F-11D3-BF4B-00C04F79EFBC}") = "MVCU.Models", "MVCU.Models\MVCU.Models.csproj", "{EE422CEC-E0B2-4E29-97BC-88A5EB9C707E}"
EndProject
Project("{FAE04EC0-301F-11D3-BF4B-00C04F79EFBC}") = "MVCU.DAL", "MVCU.DAL\MVCU.DAL.csproj", "{9C55E375-82DB-44AD-98C7-6F2676851F95}"
EndProject
Global
	GlobalSection(SolutionConfigurationPlatforms) = preSolution
		Debug|Any CPU = Debug|Any CPU
		Release|Any CPU = Release|Any CPU
	EndGlobalSection
	GlobalSection(ProjectConfigurationPlatforms) = postSolution
		{85A1494B-D7EF-4587-8C60-94DCA427EE25}.Debug|Any CPU.ActiveCfg = Debug|Any CPU
		{85A1494B-D7EF-4587-8C60-94DCA427EE25}.Debug|Any CPU.Build.0 = Debug|Any CPU
		{85A1494B-D7EF-4587-8C60-94DCA427EE25}.Release|Any CPU.ActiveCfg = Release|Any CPU
		{85A1494B-D7EF-4587-8C60-94DCA427EE25}.Release|Any CPU.Build.0 = Release|Any CPU
		{EE422CEC-E0B2-4E29-97BC-88A5EB9C707E}.Debug|Any CPU.ActiveCfg = Debug|Any CPU
		{EE422CEC-E0B2-4E29-97BC-88A5EB9C707E}.Debug|Any CPU.Build.0 = Debug|Any CPU
		{EE422CEC-E0B2-4E29-97BC-88A5EB9C707E}.Release|Any CPU.ActiveCfg = Release|Any CPU
		{EE422CEC-E0B2-4E29-97BC-88A5EB9C707E}.Release|Any CPU.Build.0 = Release|Any CPU
		{9C55E375-82DB-44AD-98C7-6F2676851F95}.Debug|Any CPU.ActiveCfg = Debug|Any CPU
		{9C55E375-82DB-44AD-98C7-6F2676851F95}.Debug|Any CPU.Build.0 = Debug|Any CPU
		{9C55E375-82DB-44AD-98C7-6F2676851F95}.Release|Any CPU.ActiveCfg = Release|Any CPU
		{9C55E375-82DB-44AD-98C7-6F2676851F95}.Release|Any CPU.Build.0 = Release|Any CPU
	EndGlobalSection
	GlobalSection(SolutionProperties) = preSolution
		HideSolutionNode = FALSE
	EndGlobalSection
EndGlobal
